// !$*UTF8*$!
{
	archiveVersion = 1;
	classes = {
	};
	objectVersion = 46;
	objects = {

/* Begin PBXBuildFile section */
		721C90351C5619E6001027EC /* LocationController.swift in Sources */ = {isa = PBXBuildFile; fileRef = 721C90341C5619E6001027EC /* LocationController.swift */; };
		721C903A1C561BEE001027EC /* MainViewController.swift in Sources */ = {isa = PBXBuildFile; fileRef = 721C90391C561BEE001027EC /* MainViewController.swift */; };
		721C903C1C561E78001027EC /* ApplicationEvent.swift in Sources */ = {isa = PBXBuildFile; fileRef = 721C903B1C561E78001027EC /* ApplicationEvent.swift */; };
		721D5F8F1C6B2B4300061181 /* UserData.swift in Sources */ = {isa = PBXBuildFile; fileRef = 721D5F8E1C6B2B4300061181 /* UserData.swift */; };
		722D30621C5139BF00CAEE90 /* AppDelegate.swift in Sources */ = {isa = PBXBuildFile; fileRef = 722D30611C5139BF00CAEE90 /* AppDelegate.swift */; };
		722D30671C5139BF00CAEE90 /* Main.storyboard in Resources */ = {isa = PBXBuildFile; fileRef = 722D30651C5139BF00CAEE90 /* Main.storyboard */; };
		722D30691C5139BF00CAEE90 /* Assets.xcassets in Resources */ = {isa = PBXBuildFile; fileRef = 722D30681C5139BF00CAEE90 /* Assets.xcassets */; };
		722D306C1C5139BF00CAEE90 /* LaunchScreen.storyboard in Resources */ = {isa = PBXBuildFile; fileRef = 722D306A1C5139BF00CAEE90 /* LaunchScreen.storyboard */; };
		722D30771C5139BF00CAEE90 /* Fo_liGuideTests.swift in Sources */ = {isa = PBXBuildFile; fileRef = 722D30761C5139BF00CAEE90 /* Fo_liGuideTests.swift */; };
		722D30821C5139BF00CAEE90 /* Fo_liGuideUITests.swift in Sources */ = {isa = PBXBuildFile; fileRef = 722D30811C5139BF00CAEE90 /* Fo_liGuideUITests.swift */; };
		7235E07D1CA0114400C25ECA /* BusRouteViewController.swift in Sources */ = {isa = PBXBuildFile; fileRef = 7235E07C1CA0114400C25ECA /* BusRouteViewController.swift */; };
		7235E0831CA0475800C25ECA /* RouteStopTableViewCell.swift in Sources */ = {isa = PBXBuildFile; fileRef = 7235E0821CA0475800C25ECA /* RouteStopTableViewCell.swift */; };
		72418BBE1C5F4FAF002E7262 /* NextBusStopViewController.swift in Sources */ = {isa = PBXBuildFile; fileRef = 72418BBD1C5F4FAF002E7262 /* NextBusStopViewController.swift */; };
		724917D81C885FDC006C7114 /* SpeechController.swift in Sources */ = {isa = PBXBuildFile; fileRef = 724917D71C885FDC006C7114 /* SpeechController.swift */; };
		725419CF1C9BF08B005A3476 /* NetworkEvent.swift in Sources */ = {isa = PBXBuildFile; fileRef = 725419CE1C9BF08B005A3476 /* NetworkEvent.swift */; };
		727B3AB11C566AB3006D2EC8 /* AuthorizationRequestViewController.swift in Sources */ = {isa = PBXBuildFile; fileRef = 727B3AB01C566AB3006D2EC8 /* AuthorizationRequestViewController.swift */; };
		72A599A01C69ECBD0059D9C1 /* NotificationController.swift in Sources */ = {isa = PBXBuildFile; fileRef = 72A5999F1C69ECBD0059D9C1 /* NotificationController.swift */; };
		72C6F6691C58BA5700DEDD53 /* Bus.swift in Sources */ = {isa = PBXBuildFile; fileRef = 72C6F6681C58BA5700DEDD53 /* Bus.swift */; };
		72C6F66B1C58BACC00DEDD53 /* BusStop.swift in Sources */ = {isa = PBXBuildFile; fileRef = 72C6F66A1C58BACC00DEDD53 /* BusStop.swift */; };
		72C6F66D1C58BD5A00DEDD53 /* BusDataController.swift in Sources */ = {isa = PBXBuildFile; fileRef = 72C6F66C1C58BD5A00DEDD53 /* BusDataController.swift */; };
		72D3B0B01C77072B004491F5 /* BusSelectionHorizontalCollectionViewCell.swift in Sources */ = {isa = PBXBuildFile; fileRef = 72D3B0AF1C77072B004491F5 /* BusSelectionHorizontalCollectionViewCell.swift */; };
		72D3B0B21C770AD8004491F5 /* BusSelectionTableViewController.swift in Sources */ = {isa = PBXBuildFile; fileRef = 72D3B0B11C770AD8004491F5 /* BusSelectionTableViewController.swift */; };
		72D3B0B41C770CA9004491F5 /* BusSelectionTableViewCell.swift in Sources */ = {isa = PBXBuildFile; fileRef = 72D3B0B31C770CA9004491F5 /* BusSelectionTableViewCell.swift */; };
		72D9B3691C689BD5009CF956 /* DestinationSelectionTableViewController.swift in Sources */ = {isa = PBXBuildFile; fileRef = 72D9B3681C689BD5009CF956 /* DestinationSelectionTableViewController.swift */; };
		72D9B36B1C68F826009CF956 /* BusSelectionCollectionViewController.swift in Sources */ = {isa = PBXBuildFile; fileRef = 72D9B36A1C68F826009CF956 /* BusSelectionCollectionViewController.swift */; };
		72D9B36D1C68FE04009CF956 /* BusSelectionCollectionViewCell.swift in Sources */ = {isa = PBXBuildFile; fileRef = 72D9B36C1C68FE04009CF956 /* BusSelectionCollectionViewCell.swift */; };
		72DF00BE1C57873300AFBCCD /* Alamofire.framework in Frameworks */ = {isa = PBXBuildFile; fileRef = 72DF00BD1C57873300AFBCCD /* Alamofire.framework */; };
		72DF00C31C57898D00AFBCCD /* NetworkController.swift in Sources */ = {isa = PBXBuildFile; fileRef = 72DF00C21C57898D00AFBCCD /* NetworkController.swift */; };
		72DF00C51C578B2800AFBCCD /* SwiftyJSON.framework in Frameworks */ = {isa = PBXBuildFile; fileRef = 72DF00C41C578B2800AFBCCD /* SwiftyJSON.framework */; };
		72DF00C71C578BBA00AFBCCD /* Constants.swift in Sources */ = {isa = PBXBuildFile; fileRef = 72DF00C61C578BBA00AFBCCD /* Constants.swift */; };
		72E7FD861C746CFA002015BD /* BusSelectionHeaderCollectionReusableView.swift in Sources */ = {isa = PBXBuildFile; fileRef = 72E7FD851C746CFA002015BD /* BusSelectionHeaderCollectionReusableView.swift */; };
		72F07EA01C6DC11E00CDE64D /* UserDataController.swift in Sources */ = {isa = PBXBuildFile; fileRef = 72F07E9F1C6DC11E00CDE64D /* UserDataController.swift */; };
/* End PBXBuildFile section */

/* Begin PBXContainerItemProxy section */
		722D30731C5139BF00CAEE90 /* PBXContainerItemProxy */ = {
			isa = PBXContainerItemProxy;
			containerPortal = 722D30561C5139BF00CAEE90 /* Project object */;
			proxyType = 1;
			remoteGlobalIDString = 722D305D1C5139BF00CAEE90;
			remoteInfo = "FöliGuide";
		};
		722D307E1C5139BF00CAEE90 /* PBXContainerItemProxy */ = {
			isa = PBXContainerItemProxy;
			containerPortal = 722D30561C5139BF00CAEE90 /* Project object */;
			proxyType = 1;
			remoteGlobalIDString = 722D305D1C5139BF00CAEE90;
			remoteInfo = "FöliGuide";
		};
/* End PBXContainerItemProxy section */

/* Begin PBXFileReference section */
		721C90341C5619E6001027EC /* LocationController.swift */ = {isa = PBXFileReference; fileEncoding = 4; lastKnownFileType = sourcecode.swift; path = LocationController.swift; sourceTree = "<group>"; };
		721C90391C561BEE001027EC /* MainViewController.swift */ = {isa = PBXFileReference; fileEncoding = 4; lastKnownFileType = sourcecode.swift; path = MainViewController.swift; sourceTree = "<group>"; };
		721C903B1C561E78001027EC /* ApplicationEvent.swift */ = {isa = PBXFileReference; fileEncoding = 4; lastKnownFileType = sourcecode.swift; path = ApplicationEvent.swift; sourceTree = "<group>"; };
		721D5F8E1C6B2B4300061181 /* UserData.swift */ = {isa = PBXFileReference; fileEncoding = 4; lastKnownFileType = sourcecode.swift; path = UserData.swift; sourceTree = "<group>"; };
		722D305E1C5139BF00CAEE90 /* FöliGuide.app */ = {isa = PBXFileReference; explicitFileType = wrapper.application; includeInIndex = 0; path = "FöliGuide.app"; sourceTree = BUILT_PRODUCTS_DIR; };
		722D30611C5139BF00CAEE90 /* AppDelegate.swift */ = {isa = PBXFileReference; lastKnownFileType = sourcecode.swift; path = AppDelegate.swift; sourceTree = "<group>"; };
		722D30661C5139BF00CAEE90 /* Base */ = {isa = PBXFileReference; lastKnownFileType = file.storyboard; name = Base; path = Base.lproj/Main.storyboard; sourceTree = "<group>"; };
		722D30681C5139BF00CAEE90 /* Assets.xcassets */ = {isa = PBXFileReference; lastKnownFileType = folder.assetcatalog; path = Assets.xcassets; sourceTree = "<group>"; };
		722D306B1C5139BF00CAEE90 /* Base */ = {isa = PBXFileReference; lastKnownFileType = file.storyboard; name = Base; path = Base.lproj/LaunchScreen.storyboard; sourceTree = "<group>"; };
		722D306D1C5139BF00CAEE90 /* Info.plist */ = {isa = PBXFileReference; lastKnownFileType = text.plist.xml; path = Info.plist; sourceTree = "<group>"; };
		722D30721C5139BF00CAEE90 /* FöliGuideTests.xctest */ = {isa = PBXFileReference; explicitFileType = wrapper.cfbundle; includeInIndex = 0; path = "FöliGuideTests.xctest"; sourceTree = BUILT_PRODUCTS_DIR; };
		722D30761C5139BF00CAEE90 /* Fo_liGuideTests.swift */ = {isa = PBXFileReference; lastKnownFileType = sourcecode.swift; path = Fo_liGuideTests.swift; sourceTree = "<group>"; };
		722D30781C5139BF00CAEE90 /* Info.plist */ = {isa = PBXFileReference; lastKnownFileType = text.plist.xml; path = Info.plist; sourceTree = "<group>"; };
		722D307D1C5139BF00CAEE90 /* FöliGuideUITests.xctest */ = {isa = PBXFileReference; explicitFileType = wrapper.cfbundle; includeInIndex = 0; path = "FöliGuideUITests.xctest"; sourceTree = BUILT_PRODUCTS_DIR; };
		722D30811C5139BF00CAEE90 /* Fo_liGuideUITests.swift */ = {isa = PBXFileReference; lastKnownFileType = sourcecode.swift; path = Fo_liGuideUITests.swift; sourceTree = "<group>"; };
		722D30831C5139BF00CAEE90 /* Info.plist */ = {isa = PBXFileReference; lastKnownFileType = text.plist.xml; path = Info.plist; sourceTree = "<group>"; };
		7235E07C1CA0114400C25ECA /* BusRouteViewController.swift */ = {isa = PBXFileReference; fileEncoding = 4; lastKnownFileType = sourcecode.swift; path = BusRouteViewController.swift; sourceTree = "<group>"; };
		7235E0821CA0475800C25ECA /* RouteStopTableViewCell.swift */ = {isa = PBXFileReference; fileEncoding = 4; lastKnownFileType = sourcecode.swift; path = RouteStopTableViewCell.swift; sourceTree = "<group>"; };
		72418BBD1C5F4FAF002E7262 /* NextBusStopViewController.swift */ = {isa = PBXFileReference; fileEncoding = 4; lastKnownFileType = sourcecode.swift; path = NextBusStopViewController.swift; sourceTree = "<group>"; };
		724917D71C885FDC006C7114 /* SpeechController.swift */ = {isa = PBXFileReference; fileEncoding = 4; lastKnownFileType = sourcecode.swift; path = SpeechController.swift; sourceTree = "<group>"; };
		725419CE1C9BF08B005A3476 /* NetworkEvent.swift */ = {isa = PBXFileReference; fileEncoding = 4; lastKnownFileType = sourcecode.swift; path = NetworkEvent.swift; sourceTree = "<group>"; };
		727B3AB01C566AB3006D2EC8 /* AuthorizationRequestViewController.swift */ = {isa = PBXFileReference; fileEncoding = 4; lastKnownFileType = sourcecode.swift; path = AuthorizationRequestViewController.swift; sourceTree = "<group>"; };
		72A5999F1C69ECBD0059D9C1 /* NotificationController.swift */ = {isa = PBXFileReference; fileEncoding = 4; lastKnownFileType = sourcecode.swift; path = NotificationController.swift; sourceTree = "<group>"; };
		72C6F6681C58BA5700DEDD53 /* Bus.swift */ = {isa = PBXFileReference; fileEncoding = 4; lastKnownFileType = sourcecode.swift; path = Bus.swift; sourceTree = "<group>"; };
		72C6F66A1C58BACC00DEDD53 /* BusStop.swift */ = {isa = PBXFileReference; fileEncoding = 4; lastKnownFileType = sourcecode.swift; path = BusStop.swift; sourceTree = "<group>"; };
		72C6F66C1C58BD5A00DEDD53 /* BusDataController.swift */ = {isa = PBXFileReference; fileEncoding = 4; lastKnownFileType = sourcecode.swift; path = BusDataController.swift; sourceTree = "<group>"; };
		72D3B0AF1C77072B004491F5 /* BusSelectionHorizontalCollectionViewCell.swift */ = {isa = PBXFileReference; fileEncoding = 4; lastKnownFileType = sourcecode.swift; path = BusSelectionHorizontalCollectionViewCell.swift; sourceTree = "<group>"; };
		72D3B0B11C770AD8004491F5 /* BusSelectionTableViewController.swift */ = {isa = PBXFileReference; fileEncoding = 4; lastKnownFileType = sourcecode.swift; path = BusSelectionTableViewController.swift; sourceTree = "<group>"; };
		72D3B0B31C770CA9004491F5 /* BusSelectionTableViewCell.swift */ = {isa = PBXFileReference; fileEncoding = 4; lastKnownFileType = sourcecode.swift; path = BusSelectionTableViewCell.swift; sourceTree = "<group>"; };
		72D9B3681C689BD5009CF956 /* DestinationSelectionTableViewController.swift */ = {isa = PBXFileReference; fileEncoding = 4; lastKnownFileType = sourcecode.swift; path = DestinationSelectionTableViewController.swift; sourceTree = "<group>"; };
		72D9B36A1C68F826009CF956 /* BusSelectionCollectionViewController.swift */ = {isa = PBXFileReference; fileEncoding = 4; lastKnownFileType = sourcecode.swift; path = BusSelectionCollectionViewController.swift; sourceTree = "<group>"; };
		72D9B36C1C68FE04009CF956 /* BusSelectionCollectionViewCell.swift */ = {isa = PBXFileReference; fileEncoding = 4; lastKnownFileType = sourcecode.swift; path = BusSelectionCollectionViewCell.swift; sourceTree = "<group>"; };
		72DF00BD1C57873300AFBCCD /* Alamofire.framework */ = {isa = PBXFileReference; lastKnownFileType = wrapper.framework; name = Alamofire.framework; path = Carthage/Build/iOS/Alamofire.framework; sourceTree = "<group>"; };
		72DF00C21C57898D00AFBCCD /* NetworkController.swift */ = {isa = PBXFileReference; fileEncoding = 4; lastKnownFileType = sourcecode.swift; path = NetworkController.swift; sourceTree = "<group>"; };
		72DF00C41C578B2800AFBCCD /* SwiftyJSON.framework */ = {isa = PBXFileReference; lastKnownFileType = wrapper.framework; name = SwiftyJSON.framework; path = Carthage/Build/iOS/SwiftyJSON.framework; sourceTree = "<group>"; };
		72DF00C61C578BBA00AFBCCD /* Constants.swift */ = {isa = PBXFileReference; fileEncoding = 4; lastKnownFileType = sourcecode.swift; path = Constants.swift; sourceTree = "<group>"; };
		72E7FD851C746CFA002015BD /* BusSelectionHeaderCollectionReusableView.swift */ = {isa = PBXFileReference; fileEncoding = 4; lastKnownFileType = sourcecode.swift; path = BusSelectionHeaderCollectionReusableView.swift; sourceTree = "<group>"; };
		72F07E9F1C6DC11E00CDE64D /* UserDataController.swift */ = {isa = PBXFileReference; fileEncoding = 4; lastKnownFileType = sourcecode.swift; path = UserDataController.swift; sourceTree = "<group>"; };
/* End PBXFileReference section */

/* Begin PBXFrameworksBuildPhase section */
		722D305B1C5139BF00CAEE90 /* Frameworks */ = {
			isa = PBXFrameworksBuildPhase;
			buildActionMask = 2147483647;
			files = (
				72DF00BE1C57873300AFBCCD /* Alamofire.framework in Frameworks */,
				72DF00C51C578B2800AFBCCD /* SwiftyJSON.framework in Frameworks */,
			);
			runOnlyForDeploymentPostprocessing = 0;
		};
		722D306F1C5139BF00CAEE90 /* Frameworks */ = {
			isa = PBXFrameworksBuildPhase;
			buildActionMask = 2147483647;
			files = (
			);
			runOnlyForDeploymentPostprocessing = 0;
		};
		722D307A1C5139BF00CAEE90 /* Frameworks */ = {
			isa = PBXFrameworksBuildPhase;
			buildActionMask = 2147483647;
			files = (
			);
			runOnlyForDeploymentPostprocessing = 0;
		};
/* End PBXFrameworksBuildPhase section */

/* Begin PBXGroup section */
		721C90381C561A2B001027EC /* ViewControllers */ = {
			isa = PBXGroup;
			children = (
				721C90391C561BEE001027EC /* MainViewController.swift */,
				727B3AB01C566AB3006D2EC8 /* AuthorizationRequestViewController.swift */,
				72418BBD1C5F4FAF002E7262 /* NextBusStopViewController.swift */,
				72D9B36A1C68F826009CF956 /* BusSelectionCollectionViewController.swift */,
				72D3B0B11C770AD8004491F5 /* BusSelectionTableViewController.swift */,
				72D9B3681C689BD5009CF956 /* DestinationSelectionTableViewController.swift */,
				7235E07C1CA0114400C25ECA /* BusRouteViewController.swift */,
			);
			name = ViewControllers;
			sourceTree = "<group>";
		};
		721C903D1C561EA7001027EC /* Models */ = {
			isa = PBXGroup;
			children = (
				721D5F8E1C6B2B4300061181 /* UserData.swift */,
				72F07E9F1C6DC11E00CDE64D /* UserDataController.swift */,
				72C6F6681C58BA5700DEDD53 /* Bus.swift */,
				72C6F66A1C58BACC00DEDD53 /* BusStop.swift */,
				72DF00C61C578BBA00AFBCCD /* Constants.swift */,
				721C903B1C561E78001027EC /* ApplicationEvent.swift */,
				725419CE1C9BF08B005A3476 /* NetworkEvent.swift */,
			);
			name = Models;
			sourceTree = "<group>";
		};
		721C903E1C561EB1001027EC /* Controllers */ = {
			isa = PBXGroup;
			children = (
				72A5999F1C69ECBD0059D9C1 /* NotificationController.swift */,
				722D30611C5139BF00CAEE90 /* AppDelegate.swift */,
				72C6F66C1C58BD5A00DEDD53 /* BusDataController.swift */,
				721C90341C5619E6001027EC /* LocationController.swift */,
				72DF00C21C57898D00AFBCCD /* NetworkController.swift */,
				724917D71C885FDC006C7114 /* SpeechController.swift */,
			);
			name = Controllers;
			sourceTree = "<group>";
		};
		721D5F8D1C6B1F9E00061181 /* Views */ = {
			isa = PBXGroup;
			children = (
				72E7FD851C746CFA002015BD /* BusSelectionHeaderCollectionReusableView.swift */,
				72D3B0AF1C77072B004491F5 /* BusSelectionHorizontalCollectionViewCell.swift */,
				72D3B0B31C770CA9004491F5 /* BusSelectionTableViewCell.swift */,
				7235E0821CA0475800C25ECA /* RouteStopTableViewCell.swift */,
				72D9B36C1C68FE04009CF956 /* BusSelectionCollectionViewCell.swift */,
			);
			name = Views;
			sourceTree = "<group>";
		};
		722D30551C5139BF00CAEE90 = {
			isa = PBXGroup;
			children = (
				72DF00C41C578B2800AFBCCD /* SwiftyJSON.framework */,
				72DF00BD1C57873300AFBCCD /* Alamofire.framework */,
				722D30601C5139BF00CAEE90 /* FöliGuide */,
				722D30751C5139BF00CAEE90 /* FöliGuideTests */,
				722D30801C5139BF00CAEE90 /* FöliGuideUITests */,
				722D305F1C5139BF00CAEE90 /* Products */,
			);
			sourceTree = "<group>";
		};
		722D305F1C5139BF00CAEE90 /* Products */ = {
			isa = PBXGroup;
			children = (
				722D305E1C5139BF00CAEE90 /* FöliGuide.app */,
				722D30721C5139BF00CAEE90 /* FöliGuideTests.xctest */,
				722D307D1C5139BF00CAEE90 /* FöliGuideUITests.xctest */,
			);
			name = Products;
			sourceTree = "<group>";
		};
		722D30601C5139BF00CAEE90 /* FöliGuide */ = {
			isa = PBXGroup;
			children = (
				721D5F8D1C6B1F9E00061181 /* Views */,
				721C903E1C561EB1001027EC /* Controllers */,
				721C90381C561A2B001027EC /* ViewControllers */,
				721C903D1C561EA7001027EC /* Models */,
				722D30651C5139BF00CAEE90 /* Main.storyboard */,
				722D306A1C5139BF00CAEE90 /* LaunchScreen.storyboard */,
				722D306D1C5139BF00CAEE90 /* Info.plist */,
				722D30681C5139BF00CAEE90 /* Assets.xcassets */,
			);
			path = "FöliGuide";
			sourceTree = "<group>";
		};
		722D30751C5139BF00CAEE90 /* FöliGuideTests */ = {
			isa = PBXGroup;
			children = (
				722D30761C5139BF00CAEE90 /* Fo_liGuideTests.swift */,
				722D30781C5139BF00CAEE90 /* Info.plist */,
			);
			path = "FöliGuideTests";
			sourceTree = "<group>";
		};
		722D30801C5139BF00CAEE90 /* FöliGuideUITests */ = {
			isa = PBXGroup;
			children = (
				722D30811C5139BF00CAEE90 /* Fo_liGuideUITests.swift */,
				722D30831C5139BF00CAEE90 /* Info.plist */,
			);
			path = "FöliGuideUITests";
			sourceTree = "<group>";
		};
/* End PBXGroup section */

/* Begin PBXNativeTarget section */
		722D305D1C5139BF00CAEE90 /* FöliGuide */ = {
			isa = PBXNativeTarget;
			buildConfigurationList = 722D30861C5139BF00CAEE90 /* Build configuration list for PBXNativeTarget "FöliGuide" */;
			buildPhases = (
				722D305A1C5139BF00CAEE90 /* Sources */,
				722D305B1C5139BF00CAEE90 /* Frameworks */,
				722D305C1C5139BF00CAEE90 /* Resources */,
				72DF00C11C57874A00AFBCCD /* ShellScript */,
			);
			buildRules = (
			);
			dependencies = (
			);
			name = "FöliGuide";
			productName = "FöliGuide";
			productReference = 722D305E1C5139BF00CAEE90 /* FöliGuide.app */;
			productType = "com.apple.product-type.application";
		};
		722D30711C5139BF00CAEE90 /* FöliGuideTests */ = {
			isa = PBXNativeTarget;
			buildConfigurationList = 722D30891C5139BF00CAEE90 /* Build configuration list for PBXNativeTarget "FöliGuideTests" */;
			buildPhases = (
				722D306E1C5139BF00CAEE90 /* Sources */,
				722D306F1C5139BF00CAEE90 /* Frameworks */,
				722D30701C5139BF00CAEE90 /* Resources */,
			);
			buildRules = (
			);
			dependencies = (
				722D30741C5139BF00CAEE90 /* PBXTargetDependency */,
			);
			name = "FöliGuideTests";
			productName = "FöliGuideTests";
			productReference = 722D30721C5139BF00CAEE90 /* FöliGuideTests.xctest */;
			productType = "com.apple.product-type.bundle.unit-test";
		};
		722D307C1C5139BF00CAEE90 /* FöliGuideUITests */ = {
			isa = PBXNativeTarget;
			buildConfigurationList = 722D308C1C5139BF00CAEE90 /* Build configuration list for PBXNativeTarget "FöliGuideUITests" */;
			buildPhases = (
				722D30791C5139BF00CAEE90 /* Sources */,
				722D307A1C5139BF00CAEE90 /* Frameworks */,
				722D307B1C5139BF00CAEE90 /* Resources */,
			);
			buildRules = (
			);
			dependencies = (
				722D307F1C5139BF00CAEE90 /* PBXTargetDependency */,
			);
			name = "FöliGuideUITests";
			productName = "FöliGuideUITests";
			productReference = 722D307D1C5139BF00CAEE90 /* FöliGuideUITests.xctest */;
			productType = "com.apple.product-type.bundle.ui-testing";
		};
/* End PBXNativeTarget section */

/* Begin PBXProject section */
		722D30561C5139BF00CAEE90 /* Project object */ = {
			isa = PBXProject;
			attributes = {
				LastSwiftUpdateCheck = 0720;
				LastUpgradeCheck = 0720;
				ORGANIZATIONNAME = "Capstone Innovation Project - Route Guidance";
				TargetAttributes = {
					722D305D1C5139BF00CAEE90 = {
						CreatedOnToolsVersion = 7.2;
						SystemCapabilities = {
							com.apple.BackgroundModes = {
								enabled = 0;
							};
						};
					};
					722D30711C5139BF00CAEE90 = {
						CreatedOnToolsVersion = 7.2;
						TestTargetID = 722D305D1C5139BF00CAEE90;
					};
					722D307C1C5139BF00CAEE90 = {
						CreatedOnToolsVersion = 7.2;
						TestTargetID = 722D305D1C5139BF00CAEE90;
					};
				};
			};
			buildConfigurationList = 722D30591C5139BF00CAEE90 /* Build configuration list for PBXProject "FöliGuide" */;
			compatibilityVersion = "Xcode 3.2";
			developmentRegion = English;
			hasScannedForEncodings = 0;
			knownRegions = (
				en,
				Base,
			);
			mainGroup = 722D30551C5139BF00CAEE90;
			productRefGroup = 722D305F1C5139BF00CAEE90 /* Products */;
			projectDirPath = "";
			projectRoot = "";
			targets = (
				722D305D1C5139BF00CAEE90 /* FöliGuide */,
				722D30711C5139BF00CAEE90 /* FöliGuideTests */,
				722D307C1C5139BF00CAEE90 /* FöliGuideUITests */,
			);
		};
/* End PBXProject section */

/* Begin PBXResourcesBuildPhase section */
		722D305C1C5139BF00CAEE90 /* Resources */ = {
			isa = PBXResourcesBuildPhase;
			buildActionMask = 2147483647;
			files = (
				722D306C1C5139BF00CAEE90 /* LaunchScreen.storyboard in Resources */,
				722D30691C5139BF00CAEE90 /* Assets.xcassets in Resources */,
				722D30671C5139BF00CAEE90 /* Main.storyboard in Resources */,
			);
			runOnlyForDeploymentPostprocessing = 0;
		};
		722D30701C5139BF00CAEE90 /* Resources */ = {
			isa = PBXResourcesBuildPhase;
			buildActionMask = 2147483647;
			files = (
			);
			runOnlyForDeploymentPostprocessing = 0;
		};
		722D307B1C5139BF00CAEE90 /* Resources */ = {
			isa = PBXResourcesBuildPhase;
			buildActionMask = 2147483647;
			files = (
			);
			runOnlyForDeploymentPostprocessing = 0;
		};
/* End PBXResourcesBuildPhase section */

/* Begin PBXShellScriptBuildPhase section */
		72DF00C11C57874A00AFBCCD /* ShellScript */ = {
			isa = PBXShellScriptBuildPhase;
			buildActionMask = 2147483647;
			files = (
			);
			inputPaths = (
				"$(SRCROOT)/Carthage/Build/iOS/Alamofire.framework",
				"$(SRCROOT)/Carthage/Build/iOS/SwiftyJSON.framework",
			);
			outputPaths = (
			);
			runOnlyForDeploymentPostprocessing = 0;
			shellPath = /bin/sh;
			shellScript = "/usr/local/bin/carthage copy-frameworks";
		};
/* End PBXShellScriptBuildPhase section */

/* Begin PBXSourcesBuildPhase section */
		722D305A1C5139BF00CAEE90 /* Sources */ = {
			isa = PBXSourcesBuildPhase;
			buildActionMask = 2147483647;
			files = (
				7235E0831CA0475800C25ECA /* RouteStopTableViewCell.swift in Sources */,
				72A599A01C69ECBD0059D9C1 /* NotificationController.swift in Sources */,
				721C90351C5619E6001027EC /* LocationController.swift in Sources */,
				721D5F8F1C6B2B4300061181 /* UserData.swift in Sources */,
				722D30621C5139BF00CAEE90 /* AppDelegate.swift in Sources */,
				72F07EA01C6DC11E00CDE64D /* UserDataController.swift in Sources */,
				724917D81C885FDC006C7114 /* SpeechController.swift in Sources */,
				72DF00C31C57898D00AFBCCD /* NetworkController.swift in Sources */,
				7235E07D1CA0114400C25ECA /* BusRouteViewController.swift in Sources */,
				72D9B3691C689BD5009CF956 /* DestinationSelectionTableViewController.swift in Sources */,
				721C903A1C561BEE001027EC /* MainViewController.swift in Sources */,
				725419CF1C9BF08B005A3476 /* NetworkEvent.swift in Sources */,
				72D3B0B01C77072B004491F5 /* BusSelectionHorizontalCollectionViewCell.swift in Sources */,
				72D9B36B1C68F826009CF956 /* BusSelectionCollectionViewController.swift in Sources */,
				72DF00C71C578BBA00AFBCCD /* Constants.swift in Sources */,
				72D3B0B41C770CA9004491F5 /* BusSelectionTableViewCell.swift in Sources */,
				721C903C1C561E78001027EC /* ApplicationEvent.swift in Sources */,
				72D9B36D1C68FE04009CF956 /* BusSelectionCollectionViewCell.swift in Sources */,
				72E7FD861C746CFA002015BD /* BusSelectionHeaderCollectionReusableView.swift in Sources */,
				72C6F66B1C58BACC00DEDD53 /* BusStop.swift in Sources */,
				72D3B0B21C770AD8004491F5 /* BusSelectionTableViewController.swift in Sources */,
				72C6F6691C58BA5700DEDD53 /* Bus.swift in Sources */,
				72C6F66D1C58BD5A00DEDD53 /* BusDataController.swift in Sources */,
				72418BBE1C5F4FAF002E7262 /* NextBusStopViewController.swift in Sources */,
				727B3AB11C566AB3006D2EC8 /* AuthorizationRequestViewController.swift in Sources */,
			);
			runOnlyForDeploymentPostprocessing = 0;
		};
		722D306E1C5139BF00CAEE90 /* Sources */ = {
			isa = PBXSourcesBuildPhase;
			buildActionMask = 2147483647;
			files = (
				722D30771C5139BF00CAEE90 /* Fo_liGuideTests.swift in Sources */,
			);
			runOnlyForDeploymentPostprocessing = 0;
		};
		722D30791C5139BF00CAEE90 /* Sources */ = {
			isa = PBXSourcesBuildPhase;
			buildActionMask = 2147483647;
			files = (
				722D30821C5139BF00CAEE90 /* Fo_liGuideUITests.swift in Sources */,
			);
			runOnlyForDeploymentPostprocessing = 0;
		};
/* End PBXSourcesBuildPhase section */

/* Begin PBXTargetDependency section */
		722D30741C5139BF00CAEE90 /* PBXTargetDependency */ = {
			isa = PBXTargetDependency;
			target = 722D305D1C5139BF00CAEE90 /* FöliGuide */;
			targetProxy = 722D30731C5139BF00CAEE90 /* PBXContainerItemProxy */;
		};
		722D307F1C5139BF00CAEE90 /* PBXTargetDependency */ = {
			isa = PBXTargetDependency;
			target = 722D305D1C5139BF00CAEE90 /* FöliGuide */;
			targetProxy = 722D307E1C5139BF00CAEE90 /* PBXContainerItemProxy */;
		};
/* End PBXTargetDependency section */

/* Begin PBXVariantGroup section */
		722D30651C5139BF00CAEE90 /* Main.storyboard */ = {
			isa = PBXVariantGroup;
			children = (
				722D30661C5139BF00CAEE90 /* Base */,
			);
			name = Main.storyboard;
			sourceTree = "<group>";
		};
		722D306A1C5139BF00CAEE90 /* LaunchScreen.storyboard */ = {
			isa = PBXVariantGroup;
			children = (
				722D306B1C5139BF00CAEE90 /* Base */,
			);
			name = LaunchScreen.storyboard;
			sourceTree = "<group>";
		};
/* End PBXVariantGroup section */

/* Begin XCBuildConfiguration section */
		722D30841C5139BF00CAEE90 /* Debug */ = {
			isa = XCBuildConfiguration;
			buildSettings = {
				ALWAYS_SEARCH_USER_PATHS = NO;
				CLANG_CXX_LANGUAGE_STANDARD = "gnu++0x";
				CLANG_CXX_LIBRARY = "libc++";
				CLANG_ENABLE_MODULES = YES;
				CLANG_ENABLE_OBJC_ARC = YES;
				CLANG_WARN_BOOL_CONVERSION = YES;
				CLANG_WARN_CONSTANT_CONVERSION = YES;
				CLANG_WARN_DIRECT_OBJC_ISA_USAGE = YES_ERROR;
				CLANG_WARN_EMPTY_BODY = YES;
				CLANG_WARN_ENUM_CONVERSION = YES;
				CLANG_WARN_INT_CONVERSION = YES;
				CLANG_WARN_OBJC_ROOT_CLASS = YES_ERROR;
				CLANG_WARN_UNREACHABLE_CODE = YES;
				CLANG_WARN__DUPLICATE_METHOD_MATCH = YES;
				"CODE_SIGN_IDENTITY[sdk=iphoneos*]" = "iPhone Developer";
				COPY_PHASE_STRIP = NO;
				DEBUG_INFORMATION_FORMAT = dwarf;
				ENABLE_STRICT_OBJC_MSGSEND = YES;
				ENABLE_TESTABILITY = YES;
				GCC_C_LANGUAGE_STANDARD = gnu99;
				GCC_DYNAMIC_NO_PIC = NO;
				GCC_NO_COMMON_BLOCKS = YES;
				GCC_OPTIMIZATION_LEVEL = 0;
				GCC_PREPROCESSOR_DEFINITIONS = (
					"DEBUG=1",
					"$(inherited)",
				);
				GCC_WARN_64_TO_32_BIT_CONVERSION = YES;
				GCC_WARN_ABOUT_RETURN_TYPE = YES_ERROR;
				GCC_WARN_UNDECLARED_SELECTOR = YES;
				GCC_WARN_UNINITIALIZED_AUTOS = YES_AGGRESSIVE;
				GCC_WARN_UNUSED_FUNCTION = YES;
				GCC_WARN_UNUSED_VARIABLE = YES;
				IPHONEOS_DEPLOYMENT_TARGET = 9.2;
				MTL_ENABLE_DEBUG_INFO = YES;
				ONLY_ACTIVE_ARCH = YES;
				SDKROOT = iphoneos;
				SWIFT_OPTIMIZATION_LEVEL = "-Onone";
			};
			name = Debug;
		};
		722D30851C5139BF00CAEE90 /* Release */ = {
			isa = XCBuildConfiguration;
			buildSettings = {
				ALWAYS_SEARCH_USER_PATHS = NO;
				CLANG_CXX_LANGUAGE_STANDARD = "gnu++0x";
				CLANG_CXX_LIBRARY = "libc++";
				CLANG_ENABLE_MODULES = YES;
				CLANG_ENABLE_OBJC_ARC = YES;
				CLANG_WARN_BOOL_CONVERSION = YES;
				CLANG_WARN_CONSTANT_CONVERSION = YES;
				CLANG_WARN_DIRECT_OBJC_ISA_USAGE = YES_ERROR;
				CLANG_WARN_EMPTY_BODY = YES;
				CLANG_WARN_ENUM_CONVERSION = YES;
				CLANG_WARN_INT_CONVERSION = YES;
				CLANG_WARN_OBJC_ROOT_CLASS = YES_ERROR;
				CLANG_WARN_UNREACHABLE_CODE = YES;
				CLANG_WARN__DUPLICATE_METHOD_MATCH = YES;
				"CODE_SIGN_IDENTITY[sdk=iphoneos*]" = "iPhone Developer";
				COPY_PHASE_STRIP = NO;
				DEBUG_INFORMATION_FORMAT = "dwarf-with-dsym";
				ENABLE_NS_ASSERTIONS = NO;
				ENABLE_STRICT_OBJC_MSGSEND = YES;
				GCC_C_LANGUAGE_STANDARD = gnu99;
				GCC_NO_COMMON_BLOCKS = YES;
				GCC_WARN_64_TO_32_BIT_CONVERSION = YES;
				GCC_WARN_ABOUT_RETURN_TYPE = YES_ERROR;
				GCC_WARN_UNDECLARED_SELECTOR = YES;
				GCC_WARN_UNINITIALIZED_AUTOS = YES_AGGRESSIVE;
				GCC_WARN_UNUSED_FUNCTION = YES;
				GCC_WARN_UNUSED_VARIABLE = YES;
				IPHONEOS_DEPLOYMENT_TARGET = 9.2;
				MTL_ENABLE_DEBUG_INFO = NO;
				SDKROOT = iphoneos;
				VALIDATE_PRODUCT = YES;
			};
			name = Release;
		};
		722D30871C5139BF00CAEE90 /* Debug */ = {
			isa = XCBuildConfiguration;
			buildSettings = {
				ASSETCATALOG_COMPILER_APPICON_NAME = AppIcon;
				FRAMEWORK_SEARCH_PATHS = (
					"$(inherited)",
					"$(PROJECT_DIR)/Carthage/Build/iOS",
				);
				INFOPLIST_FILE = "FöliGuide/Info.plist";
				IPHONEOS_DEPLOYMENT_TARGET = 9.0;
				LD_RUNPATH_SEARCH_PATHS = "$(inherited) @executable_path/Frameworks";
				PRODUCT_BUNDLE_IDENTIFIER = "capstone.innovationproject.routeguidance.Fo-liGuide";
				PRODUCT_NAME = "$(TARGET_NAME)";
				TARGETED_DEVICE_FAMILY = "1,2";
			};
			name = Debug;
		};
		722D30881C5139BF00CAEE90 /* Release */ = {
			isa = XCBuildConfiguration;
			buildSettings = {
				ASSETCATALOG_COMPILER_APPICON_NAME = AppIcon;
				FRAMEWORK_SEARCH_PATHS = (
					"$(inherited)",
					"$(PROJECT_DIR)/Carthage/Build/iOS",
				);
				INFOPLIST_FILE = "FöliGuide/Info.plist";
				IPHONEOS_DEPLOYMENT_TARGET = 9.0;
				LD_RUNPATH_SEARCH_PATHS = "$(inherited) @executable_path/Frameworks";
				PRODUCT_BUNDLE_IDENTIFIER = "capstone.innovationproject.routeguidance.Fo-liGuide";
				PRODUCT_NAME = "$(TARGET_NAME)";
				TARGETED_DEVICE_FAMILY = "1,2";
			};
			name = Release;
		};
		722D308A1C5139BF00CAEE90 /* Debug */ = {
			isa = XCBuildConfiguration;
			buildSettings = {
				BUNDLE_LOADER = "$(TEST_HOST)";
				INFOPLIST_FILE = "FöliGuideTests/Info.plist";
				LD_RUNPATH_SEARCH_PATHS = "$(inherited) @executable_path/Frameworks @loader_path/Frameworks";
				PRODUCT_BUNDLE_IDENTIFIER = "capstone.innovationproject.routeguidance.Fo-liGuideTests";
				PRODUCT_NAME = "$(TARGET_NAME)";
				TEST_HOST = "$(BUILT_PRODUCTS_DIR)/FöliGuide.app/FöliGuide";
			};
			name = Debug;
		};
		722D308B1C5139BF00CAEE90 /* Release */ = {
			isa = XCBuildConfiguration;
			buildSettings = {
				BUNDLE_LOADER = "$(TEST_HOST)";
				INFOPLIST_FILE = "FöliGuideTests/Info.plist";
				LD_RUNPATH_SEARCH_PATHS = "$(inherited) @executable_path/Frameworks @loader_path/Frameworks";
				PRODUCT_BUNDLE_IDENTIFIER = "capstone.innovationproject.routeguidance.Fo-liGuideTests";
				PRODUCT_NAME = "$(TARGET_NAME)";
				TEST_HOST = "$(BUILT_PRODUCTS_DIR)/FöliGuide.app/FöliGuide";
			};
			name = Release;
		};
		722D308D1C5139BF00CAEE90 /* Debug */ = {
			isa = XCBuildConfiguration;
			buildSettings = {
				INFOPLIST_FILE = "FöliGuideUITests/Info.plist";
				LD_RUNPATH_SEARCH_PATHS = "$(inherited) @executable_path/Frameworks @loader_path/Frameworks";
				PRODUCT_BUNDLE_IDENTIFIER = "capstone.innovationproject.routeguidance.Fo-liGuideUITests";
				PRODUCT_NAME = "$(TARGET_NAME)";
				TEST_TARGET_NAME = "FöliGuide";
				USES_XCTRUNNER = YES;
			};
			name = Debug;
		};
		722D308E1C5139BF00CAEE90 /* Release */ = {
			isa = XCBuildConfiguration;
			buildSettings = {
				INFOPLIST_FILE = "FöliGuideUITests/Info.plist";
				LD_RUNPATH_SEARCH_PATHS = "$(inherited) @executable_path/Frameworks @loader_path/Frameworks";
				PRODUCT_BUNDLE_IDENTIFIER = "capstone.innovationproject.routeguidance.Fo-liGuideUITests";
				PRODUCT_NAME = "$(TARGET_NAME)";
				TEST_TARGET_NAME = "FöliGuide";
				USES_XCTRUNNER = YES;
			};
			name = Release;
		};
/* End XCBuildConfiguration section */

/* Begin XCConfigurationList section */
		722D30591C5139BF00CAEE90 /* Build configuration list for PBXProject "FöliGuide" */ = {
			isa = XCConfigurationList;
			buildConfigurations = (
				722D30841C5139BF00CAEE90 /* Debug */,
				722D30851C5139BF00CAEE90 /* Release */,
			);
			defaultConfigurationIsVisible = 0;
			defaultConfigurationName = Release;
		};
		722D30861C5139BF00CAEE90 /* Build configuration list for PBXNativeTarget "FöliGuide" */ = {
			isa = XCConfigurationList;
			buildConfigurations = (
				722D30871C5139BF00CAEE90 /* Debug */,
				722D30881C5139BF00CAEE90 /* Release */,
			);
			defaultConfigurationIsVisible = 0;
			defaultConfigurationName = Release;
		};
		722D30891C5139BF00CAEE90 /* Build configuration list for PBXNativeTarget "FöliGuideTests" */ = {
			isa = XCConfigurationList;
			buildConfigurations = (
				722D308A1C5139BF00CAEE90 /* Debug */,
				722D308B1C5139BF00CAEE90 /* Release */,
			);
			defaultConfigurationIsVisible = 0;
			defaultConfigurationName = Release;
		};
		722D308C1C5139BF00CAEE90 /* Build configuration list for PBXNativeTarget "FöliGuideUITests" */ = {
			isa = XCConfigurationList;
			buildConfigurations = (
				722D308D1C5139BF00CAEE90 /* Debug */,
				722D308E1C5139BF00CAEE90 /* Release */,
			);
			defaultConfigurationIsVisible = 0;
			defaultConfigurationName = Release;
		};
/* End XCConfigurationList section */
	};
	rootObject = 722D30561C5139BF00CAEE90 /* Project object */;
}
